// !$*UTF8*$!
{
	archiveVersion = 1;
	classes = {
	};
	objectVersion = 50;
	objects = {

/* Begin PBXBuildFile section */
		C20A5D3D20ECD3B7002B4BFD /* RoundableView.swift in Sources */ = {isa = PBXBuildFile; fileRef = C20A5D3C20ECD3B7002B4BFD /* RoundableView.swift */; };
		C2778B6620ECCD5100C961E6 /* AppDelegate.swift in Sources */ = {isa = PBXBuildFile; fileRef = C2778B6520ECCD5100C961E6 /* AppDelegate.swift */; };
		C2778B6820ECCD5100C961E6 /* XCornersViewController.swift in Sources */ = {isa = PBXBuildFile; fileRef = C2778B6720ECCD5100C961E6 /* XCornersViewController.swift */; };
		C2778B6B20ECCD5100C961E6 /* Main.storyboard in Resources */ = {isa = PBXBuildFile; fileRef = C2778B6920ECCD5100C961E6 /* Main.storyboard */; };
		C2778B6D20ECCD5200C961E6 /* Assets.xcassets in Resources */ = {isa = PBXBuildFile; fileRef = C2778B6C20ECCD5200C961E6 /* Assets.xcassets */; };
		C2778B7020ECCD5200C961E6 /* LaunchScreen.storyboard in Resources */ = {isa = PBXBuildFile; fileRef = C2778B6E20ECCD5200C961E6 /* LaunchScreen.storyboard */; };
		C2778B7A20ECCE3C00C961E6 /* UIView+RoundCorners.swift in Sources */ = {isa = PBXBuildFile; fileRef = C2778B7920ECCE3C00C961E6 /* UIView+RoundCorners.swift */; };
/* End PBXBuildFile section */

/* Begin PBXFileReference section */
		C20A5D3C20ECD3B7002B4BFD /* RoundableView.swift */ = {isa = PBXFileReference; lastKnownFileType = sourcecode.swift; path = RoundableView.swift; sourceTree = "<group>"; };
		C2778B6220ECCD5100C961E6 /* RoundCorners.app */ = {isa = PBXFileReference; explicitFileType = wrapper.application; includeInIndex = 0; path = RoundCorners.app; sourceTree = BUILT_PRODUCTS_DIR; };
		C2778B6520ECCD5100C961E6 /* AppDelegate.swift */ = {isa = PBXFileReference; lastKnownFileType = sourcecode.swift; path = AppDelegate.swift; sourceTree = "<group>"; };
		C2778B6720ECCD5100C961E6 /* XCornersViewController.swift */ = {isa = PBXFileReference; lastKnownFileType = sourcecode.swift; path = XCornersViewController.swift; sourceTree = "<group>"; };
		C2778B6A20ECCD5100C961E6 /* Base */ = {isa = PBXFileReference; lastKnownFileType = file.storyboard; name = Base; path = Base.lproj/Main.storyboard; sourceTree = "<group>"; };
		C2778B6C20ECCD5200C961E6 /* Assets.xcassets */ = {isa = PBXFileReference; lastKnownFileType = folder.assetcatalog; path = Assets.xcassets; sourceTree = "<group>"; };
		C2778B6F20ECCD5200C961E6 /* Base */ = {isa = PBXFileReference; lastKnownFileType = file.storyboard; name = Base; path = Base.lproj/LaunchScreen.storyboard; sourceTree = "<group>"; };
		C2778B7120ECCD5200C961E6 /* Info.plist */ = {isa = PBXFileReference; lastKnownFileType = text.plist.xml; path = Info.plist; sourceTree = "<group>"; };
		C2778B7920ECCE3C00C961E6 /* UIView+RoundCorners.swift */ = {isa = PBXFileReference; lastKnownFileType = sourcecode.swift; path = "UIView+RoundCorners.swift"; sourceTree = "<group>"; };
/* End PBXFileReference section */

/* Begin PBXFrameworksBuildPhase section */
		C2778B5F20ECCD5100C961E6 /* Frameworks */ = {
			isa = PBXFrameworksBuildPhase;
			buildActionMask = 2147483647;
			files = (
			);
			runOnlyForDeploymentPostprocessing = 0;
		};
/* End PBXFrameworksBuildPhase section */

/* Begin PBXGroup section */
		C2778B5920ECCD5100C961E6 = {
			isa = PBXGroup;
			children = (
				C2778B6420ECCD5100C961E6 /* RoundCorners */,
				C2778B6320ECCD5100C961E6 /* Products */,
			);
			sourceTree = "<group>";
		};
		C2778B6320ECCD5100C961E6 /* Products */ = {
			isa = PBXGroup;
			children = (
				C2778B6220ECCD5100C961E6 /* RoundCorners.app */,
			);
			name = Products;
			sourceTree = "<group>";
		};
		C2778B6420ECCD5100C961E6 /* RoundCorners */ = {
			isa = PBXGroup;
			children = (
				C2778B6520ECCD5100C961E6 /* AppDelegate.swift */,
				C2778B6720ECCD5100C961E6 /* XCornersViewController.swift */,
				C2778B7920ECCE3C00C961E6 /* UIView+RoundCorners.swift */,
				C20A5D3C20ECD3B7002B4BFD /* RoundableView.swift */,
				C2778B6920ECCD5100C961E6 /* Main.storyboard */,
				C2778B6C20ECCD5200C961E6 /* Assets.xcassets */,
				C2778B6E20ECCD5200C961E6 /* LaunchScreen.storyboard */,
				C2778B7120ECCD5200C961E6 /* Info.plist */,
			);
			path = RoundCorners;
			sourceTree = "<group>";
		};
/* End PBXGroup section */

/* Begin PBXNativeTarget section */
		C2778B6120ECCD5100C961E6 /* RoundCorners */ = {
			isa = PBXNativeTarget;
			buildConfigurationList = C2778B7420ECCD5200C961E6 /* Build configuration list for PBXNativeTarget "RoundCorners" */;
			buildPhases = (
				C2778B5E20ECCD5100C961E6 /* Sources */,
				C2778B5F20ECCD5100C961E6 /* Frameworks */,
				C2778B6020ECCD5100C961E6 /* Resources */,
			);
			buildRules = (
			);
			dependencies = (
			);
			name = RoundCorners;
			productName = RoundCorners;
			productReference = C2778B6220ECCD5100C961E6 /* RoundCorners.app */;
			productType = "com.apple.product-type.application";
		};
/* End PBXNativeTarget section */

/* Begin PBXProject section */
		C2778B5A20ECCD5100C961E6 /* Project object */ = {
			isa = PBXProject;
			attributes = {
				LastSwiftUpdateCheck = 0940;
				LastUpgradeCheck = 0940;
				ORGANIZATIONNAME = "Kyle Bashour";
				TargetAttributes = {
					C2778B6120ECCD5100C961E6 = {
						CreatedOnToolsVersion = 9.4.1;
					};
				};
			};
			buildConfigurationList = C2778B5D20ECCD5100C961E6 /* Build configuration list for PBXProject "RoundCorners" */;
			compatibilityVersion = "Xcode 9.3";
			developmentRegion = en;
			hasScannedForEncodings = 0;
			knownRegions = (
				en,
				Base,
			);
			mainGroup = C2778B5920ECCD5100C961E6;
			productRefGroup = C2778B6320ECCD5100C961E6 /* Products */;
			projectDirPath = "";
			projectRoot = "";
			targets = (
				C2778B6120ECCD5100C961E6 /* RoundCorners */,
			);
		};
/* End PBXProject section */

/* Begin PBXResourcesBuildPhase section */
		C2778B6020ECCD5100C961E6 /* Resources */ = {
			isa = PBXResourcesBuildPhase;
			buildActionMask = 2147483647;
			files = (
				C2778B7020ECCD5200C961E6 /* LaunchScreen.storyboard in Resources */,
				C2778B6D20ECCD5200C961E6 /* Assets.xcassets in Resources */,
				C2778B6B20ECCD5100C961E6 /* Main.storyboard in Resources */,
			);
			runOnlyForDeploymentPostprocessing = 0;
		};
/* End PBXResourcesBuildPhase section */

/* Begin PBXSourcesBuildPhase section */
		C2778B5E20ECCD5100C961E6 /* Sources */ = {
			isa = PBXSourcesBuildPhase;
			buildActionMask = 2147483647;
			files = (
				C2778B7A20ECCE3C00C961E6 /* UIView+RoundCorners.swift in Sources */,
				C20A5D3D20ECD3B7002B4BFD /* RoundableView.swift in Sources */,
				C2778B6820ECCD5100C961E6 /* XCornersViewController.swift in Sources */,
				C2778B6620ECCD5100C961E6 /* AppDelegate.swift in Sources */,
			);
			runOnlyForDeploymentPostprocessing = 0;
		};
/* End PBXSourcesBuildPhase section */

/* Begin PBXVariantGroup section */
		C2778B6920ECCD5100C961E6 /* Main.storyboard */ = {
			isa = PBXVariantGroup;
			children = (
				C2778B6A20ECCD5100C961E6 /* Base */,
			);
			name = Main.storyboard;
			sourceTree = "<group>";
		};
		C2778B6E20ECCD5200C961E6 /* LaunchScreen.storyboard */ = {
			isa = PBXVariantGroup;
			children = (
				C2778B6F20ECCD5200C961E6 /* Base */,
			);
			name = LaunchScreen.storyboard;
			sourceTree = "<group>";
		};
/* End PBXVariantGroup section */

/* Begin XCBuildConfiguration section */
		C2778B7220ECCD5200C961E6 /* Debug */ = {
			isa = XCBuildConfiguration;
			buildSettings = {
				ALWAYS_SEARCH_USER_PATHS = NO;
				CLANG_ANALYZER_NONNULL = YES;
				CLANG_ANALYZER_NUMBER_OBJECT_CONVERSION = YES_AGGRESSIVE;
				CLANG_CXX_LANGUAGE_STANDARD = "gnu++14";
				CLANG_CXX_LIBRARY = "libc++";
				CLANG_ENABLE_MODULES = YES;
				CLANG_ENABLE_OBJC_ARC = YES;
				CLANG_ENABLE_OBJC_WEAK = YES;
				CLANG_WARN_BLOCK_CAPTURE_AUTORELEASING = YES;
				CLANG_WARN_BOOL_CONVERSION = YES;
				CLANG_WARN_COMMA = YES;
				CLANG_WARN_CONSTANT_CONVERSION = YES;
				CLANG_WARN_DEPRECATED_OBJC_IMPLEMENTATIONS = YES;
				CLANG_WARN_DIRECT_OBJC_ISA_USAGE = YES_ERROR;
				CLANG_WARN_DOCUMENTATION_COMMENTS = YES;
				CLANG_WARN_EMPTY_BODY = YES;
				CLANG_WARN_ENUM_CONVERSION = YES;
				CLANG_WARN_INFINITE_RECURSION = YES;
				CLANG_WARN_INT_CONVERSION = YES;
				CLANG_WARN_NON_LITERAL_NULL_CONVERSION = YES;
				CLANG_WARN_OBJC_IMPLICIT_RETAIN_SELF = YES;
				CLANG_WARN_OBJC_LITERAL_CONVERSION = YES;
				CLANG_WARN_OBJC_ROOT_CLASS = YES_ERROR;
				CLANG_WARN_RANGE_LOOP_ANALYSIS = YES;
				CLANG_WARN_STRICT_PROTOTYPES = YES;
				CLANG_WARN_SUSPICIOUS_MOVE = YES;
				CLANG_WARN_UNGUARDED_AVAILABILITY = YES_AGGRESSIVE;
				CLANG_WARN_UNREACHABLE_CODE = YES;
				CLANG_WARN__DUPLICATE_METHOD_MATCH = YES;
				CODE_SIGN_IDENTITY = "iPhone Developer";
				COPY_PHASE_STRIP = NO;
				DEBUG_INFORMATION_FORMAT = dwarf;
				ENABLE_STRICT_OBJC_MSGSEND = YES;
				ENABLE_TESTABILITY = YES;
				GCC_C_LANGUAGE_STANDARD = gnu11;
				GCC_DYNAMIC_NO_PIC = NO;
				GCC_NO_COMMON_BLOCKS = YES;
				GCC_OPTIMIZATION_LEVEL = 0;
				GCC_PREPROCESSOR_DEFINITIONS = (
					"DEBUG=1",
					"$(inherited)",
				);
				GCC_WARN_64_TO_32_BIT_CONVERSION = YES;
				GCC_WARN_ABOUT_RETURN_TYPE = YES_ERROR;
				GCC_WARN_UNDECLARED_SELECTOR = YES;
				GCC_WARN_UNINITIALIZED_AUTOS = YES_AGGRESSIVE;
				GCC_WARN_UNUSED_FUNCTION = YES;
				GCC_WARN_UNUSED_VARIABLE = YES;
				IPHONEOS_DEPLOYMENT_TARGET = 11.4;
				MTL_ENABLE_DEBUG_INFO = YES;
				ONLY_ACTIVE_ARCH = YES;
				SDKROOT = iphoneos;
				SWIFT_ACTIVE_COMPILATION_CONDITIONS = DEBUG;
				SWIFT_OPTIMIZATION_LEVEL = "-Onone";
			};
			name = Debug;
		};
		C2778B7320ECCD5200C961E6 /* Release */ = {
			isa = XCBuildConfiguration;
			buildSettings = {
				ALWAYS_SEARCH_USER_PATHS = NO;
				CLANG_ANALYZER_NONNULL = YES;
				CLANG_ANALYZER_NUMBER_OBJECT_CONVERSION = YES_AGGRESSIVE;
				CLANG_CXX_LANGUAGE_STANDARD = "gnu++14";
				CLANG_CXX_LIBRARY = "libc++";
				CLANG_ENABLE_MODULES = YES;
				CLANG_ENABLE_OBJC_ARC = YES;
				CLANG_ENABLE_OBJC_WEAK = YES;
				CLANG_WARN_BLOCK_CAPTURE_AUTORELEASING = YES;
				CLANG_WARN_BOOL_CONVERSION = YES;
				CLANG_WARN_COMMA = YES;
				CLANG_WARN_CONSTANT_CONVERSION = YES;
				CLANG_WARN_DEPRECATED_OBJC_IMPLEMENTATIONS = YES;
				CLANG_WARN_DIRECT_OBJC_ISA_USAGE = YES_ERROR;
				CLANG_WARN_DOCUMENTATION_COMMENTS = YES;
				CLANG_WARN_EMPTY_BODY = YES;
				CLANG_WARN_ENUM_CONVERSION = YES;
				CLANG_WARN_INFINITE_RECURSION = YES;
				CLANG_WARN_INT_CONVERSION = YES;
				CLANG_WARN_NON_LITERAL_NULL_CONVERSION = YES;
				CLANG_WARN_OBJC_IMPLICIT_RETAIN_SELF = YES;
				CLANG_WARN_OBJC_LITERAL_CONVERSION = YES;
				CLANG_WARN_OBJC_ROOT_CLASS = YES_ERROR;
				CLANG_WARN_RANGE_LOOP_ANALYSIS = YES;
				CLANG_WARN_STRICT_PROTOTYPES = YES;
				CLANG_WARN_SUSPICIOUS_MOVE = YES;
				CLANG_WARN_UNGUARDED_AVAILABILITY = YES_AGGRESSIVE;
				CLANG_WARN_UNREACHABLE_CODE = YES;
				CLANG_WARN__DUPLICATE_METHOD_MATCH = YES;
				CODE_SIGN_IDENTITY = "iPhone Developer";
				COPY_PHASE_STRIP = NO;
				DEBUG_INFORMATION_FORMAT = "dwarf-with-dsym";
				ENABLE_NS_ASSERTIONS = NO;
				ENABLE_STRICT_OBJC_MSGSEND = YES;
				GCC_C_LANGUAGE_STANDARD = gnu11;
				GCC_NO_COMMON_BLOCKS = YES;
				GCC_WARN_64_TO_32_BIT_CONVERSION = YES;
				GCC_WARN_ABOUT_RETURN_TYPE = YES_ERROR;
				GCC_WARN_UNDECLARED_SELECTOR = YES;
				GCC_WARN_UNINITIALIZED_AUTOS = YES_AGGRESSIVE;
				GCC_WARN_UNUSED_FUNCTION = YES;
				GCC_WARN_UNUSED_VARIABLE = YES;
				IPHONEOS_DEPLOYMENT_TARGET = 11.4;
				MTL_ENABLE_DEBUG_INFO = NO;
				SDKROOT = iphoneos;
				SWIFT_COMPILATION_MODE = wholemodule;
				SWIFT_OPTIMIZATION_LEVEL = "-O";
				VALIDATE_PRODUCT = YES;
			};
			name = Release;
		};
		C2778B7520ECCD5200C961E6 /* Debug */ = {
			isa = XCBuildConfiguration;
			buildSettings = {
				ASSETCATALOG_COMPILER_APPICON_NAME = AppIcon;
				CODE_SIGN_STYLE = Automatic;
				DEVELOPMENT_TEAM = ZEAD23GG77;
				INFOPLIST_FILE = RoundCorners/Info.plist;
				LD_RUNPATH_SEARCH_PATHS = (
					"$(inherited)",
					"@executable_path/Frameworks",
				);
				PRODUCT_BUNDLE_IDENTIFIER = com.kylebashour.RoundCorners;
				PRODUCT_NAME = "$(TARGET_NAME)";
				SWIFT_VERSION = 4.0;
				TARGETED_DEVICE_FAMILY = "1,2";
			};
			name = Debug;
		};
		C2778B7620ECCD5200C961E6 /* Release */ = {
			isa = XCBuildConfiguration;
			buildSettings = {
				ASSETCATALOG_COMPILER_APPICON_NAME = AppIcon;
				CODE_SIGN_STYLE = Automatic;
				DEVELOPMENT_TEAM = ZEAD23GG77;
				INFOPLIST_FILE = RoundCorners/Info.plist;
				LD_RUNPATH_SEARCH_PATHS = (
					"$(inherited)",
					"@executable_path/Frameworks",
				);
				PRODUCT_BUNDLE_IDENTIFIER = com.kylebashour.RoundCorners;
				PRODUCT_NAME = "$(TARGET_NAME)";
				SWIFT_VERSION = 4.0;
				TARGETED_DEVICE_FAMILY = "1,2";
			};
			name = Release;
		};
/* End XCBuildConfiguration section */

/* Begin XCConfigurationList section */
		C2778B5D20ECCD5100C961E6 /* Build configuration list for PBXProject "RoundCorners" */ = {
			isa = XCConfigurationList;
			buildConfigurations = (
				C2778B7220ECCD5200C961E6 /* Debug */,
				C2778B7320ECCD5200C961E6 /* Release */,
			);
			defaultConfigurationIsVisible = 0;
			defaultConfigurationName = Release;
		};
		C2778B7420ECCD5200C961E6 /* Build configuration list for PBXNativeTarget "RoundCorners" */ = {
			isa = XCConfigurationList;
			buildConfigurations = (
				C2778B7520ECCD5200C961E6 /* Debug */,
				C2778B7620ECCD5200C961E6 /* Release */,
			);
			defaultConfigurationIsVisible = 0;
			defaultConfigurationName = Release;
		};
/* End XCConfigurationList section */
	};
	rootObject = C2778B5A20ECCD5100C961E6 /* Project object */;
}
